
Microsoft Visual Studio Solution File, Format Version 12.00
# Visual Studio Version 17
VisualStudioVersion = 17.14.36511.14
MinimumVisualStudioVersion = 10.0.40219.1
Project("{8BC9CEB8-8B4A-11D0-8D11-00A0C91BC942}") = "00_PreLab", "00_PreLabs\00_PreLabs.vcxproj", "{6D5852AE-8E84-4CCD-BEAB-C6819AC702C1}"
EndProject
Project("{2150E333-8FDC-42A3-9474-1A3956D46DE8}") = "Solution Items", "Solution Items", "{8EC462FD-D22E-90A8-E5CE-7E832BA40C5D}"
EndProject
Project("{8BC9CEB8-8B4A-11D0-8D11-00A0C91BC942}") = "CreateProject", "Exercise_1\Exercise_1.vcxproj", "{F2898FAB-3E73-489F-850E-152ABAC08370}"
EndProject
Project("{8BC9CEB8-8B4A-11D0-8D11-00A0C91BC942}") = "SandBox_smt", "SandBox_smt\SandBox_smt.vcxproj", "{D7859894-E04A-4B76-8214-07BB0B88DA09}"
EndProject
Project("{8BC9CEB8-8B4A-11D0-8D11-00A0C91BC942}") = "Lab1", "Lab1\Lab1.vcxproj", "{87620BC3-A36C-4953-97BF-4C2CB866B20F}"
EndProject
Project("{8BC9CEB8-8B4A-11D0-8D11-00A0C91BC942}") = "Lab2", "Lab2\Lab2.vcxproj", "{92AA7B75-4DFE-4885-ACAA-CE1A65F44AA0}"
EndProject
Project("{8BC9CEB8-8B4A-11D0-8D11-00A0C91BC942}") = "Lab3", "Lab3\Lab3.vcxproj", "{60121C7A-011D-4B76-8FFB-89DFC1F58BC1}"
EndProject
Project("{8BC9CEB8-8B4A-11D0-8D11-00A0C91BC942}") = "Lab4", "Lab4\Lab4.vcxproj", "{1852BAA5-B5BB-4732-BD3F-15EF8DB7CF93}"
EndProject
Project("{8BC9CEB8-8B4A-11D0-8D11-00A0C91BC942}") = "Lab5", "Lab5\Lab5.vcxproj", "{4F55EE71-31E5-4A07-8F56-936EF0902EF6}"
EndProject
Global
	GlobalSection(SolutionConfigurationPlatforms) = preSolution
		Debug|x64 = Debug|x64
		Debug|x86 = Debug|x86
		Release|x64 = Release|x64
		Release|x86 = Release|x86
	EndGlobalSection
	GlobalSection(ProjectConfigurationPlatforms) = postSolution
		{6D5852AE-8E84-4CCD-BEAB-C6819AC702C1}.Debug|x64.ActiveCfg = Debug|x64
		{6D5852AE-8E84-4CCD-BEAB-C6819AC702C1}.Debug|x64.Build.0 = Debug|x64
		{6D5852AE-8E84-4CCD-BEAB-C6819AC702C1}.Debug|x86.ActiveCfg = Debug|Win32
		{6D5852AE-8E84-4CCD-BEAB-C6819AC702C1}.Debug|x86.Build.0 = Debug|Win32
		{6D5852AE-8E84-4CCD-BEAB-C6819AC702C1}.Release|x64.ActiveCfg = Release|x64
		{6D5852AE-8E84-4CCD-BEAB-C6819AC702C1}.Release|x64.Build.0 = Release|x64
		{6D5852AE-8E84-4CCD-BEAB-C6819AC702C1}.Release|x86.ActiveCfg = Release|Win32
		{6D5852AE-8E84-4CCD-BEAB-C6819AC702C1}.Release|x86.Build.0 = Release|Win32
		{F2898FAB-3E73-489F-850E-152ABAC08370}.Debug|x64.ActiveCfg = Debug|x64
		{F2898FAB-3E73-489F-850E-152ABAC08370}.Debug|x64.Build.0 = Debug|x64
		{F2898FAB-3E73-489F-850E-152ABAC08370}.Debug|x86.ActiveCfg = Debug|Win32
		{F2898FAB-3E73-489F-850E-152ABAC08370}.Debug|x86.Build.0 = Debug|Win32
		{F2898FAB-3E73-489F-850E-152ABAC08370}.Release|x64.ActiveCfg = Release|x64
		{F2898FAB-3E73-489F-850E-152ABAC08370}.Release|x64.Build.0 = Release|x64
		{F2898FAB-3E73-489F-850E-152ABAC08370}.Release|x86.ActiveCfg = Release|Win32
		{F2898FAB-3E73-489F-850E-152ABAC08370}.Release|x86.Build.0 = Release|Win32
		{D7859894-E04A-4B76-8214-07BB0B88DA09}.Debug|x64.ActiveCfg = Debug|x64
		{D7859894-E04A-4B76-8214-07BB0B88DA09}.Debug|x64.Build.0 = Debug|x64
		{D7859894-E04A-4B76-8214-07BB0B88DA09}.Debug|x86.ActiveCfg = Debug|Win32
		{D7859894-E04A-4B76-8214-07BB0B88DA09}.Debug|x86.Build.0 = Debug|Win32
		{D7859894-E04A-4B76-8214-07BB0B88DA09}.Release|x64.ActiveCfg = Release|x64
		{D7859894-E04A-4B76-8214-07BB0B88DA09}.Release|x64.Build.0 = Release|x64
		{D7859894-E04A-4B76-8214-07BB0B88DA09}.Release|x86.ActiveCfg = Release|Win32
		{D7859894-E04A-4B76-8214-07BB0B88DA09}.Release|x86.Build.0 = Release|Win32
		{87620BC3-A36C-4953-97BF-4C2CB866B20F}.Debug|x64.ActiveCfg = Debug|x64
		{87620BC3-A36C-4953-97BF-4C2CB866B20F}.Debug|x64.Build.0 = Debug|x64
		{87620BC3-A36C-4953-97BF-4C2CB866B20F}.Debug|x86.ActiveCfg = Debug|Win32
		{87620BC3-A36C-4953-97BF-4C2CB866B20F}.Debug|x86.Build.0 = Debug|Win32
		{87620BC3-A36C-4953-97BF-4C2CB866B20F}.Release|x64.ActiveCfg = Release|x64
		{87620BC3-A36C-4953-97BF-4C2CB866B20F}.Release|x64.Build.0 = Release|x64
		{87620BC3-A36C-4953-97BF-4C2CB866B20F}.Release|x86.ActiveCfg = Release|Win32
		{87620BC3-A36C-4953-97BF-4C2CB866B20F}.Release|x86.Build.0 = Release|Win32
		{92AA7B75-4DFE-4885-ACAA-CE1A65F44AA0}.Debug|x64.ActiveCfg = Debug|x64
		{92AA7B75-4DFE-4885-ACAA-CE1A65F44AA0}.Debug|x64.Build.0 = Debug|x64
		{92AA7B75-4DFE-4885-ACAA-CE1A65F44AA0}.Debug|x86.ActiveCfg = Debug|Win32
		{92AA7B75-4DFE-4885-ACAA-CE1A65F44AA0}.Debug|x86.Build.0 = Debug|Win32
		{92AA7B75-4DFE-4885-ACAA-CE1A65F44AA0}.Release|x64.ActiveCfg = Release|x64
		{92AA7B75-4DFE-4885-ACAA-CE1A65F44AA0}.Release|x64.Build.0 = Release|x64
		{92AA7B75-4DFE-4885-ACAA-CE1A65F44AA0}.Release|x86.ActiveCfg = Release|Win32
		{92AA7B75-4DFE-4885-ACAA-CE1A65F44AA0}.Release|x86.Build.0 = Release|Win32
		{60121C7A-011D-4B76-8FFB-89DFC1F58BC1}.Debug|x64.ActiveCfg = Debug|x64
		{60121C7A-011D-4B76-8FFB-89DFC1F58BC1}.Debug|x64.Build.0 = Debug|x64
		{60121C7A-011D-4B76-8FFB-89DFC1F58BC1}.Debug|x86.ActiveCfg = Debug|Win32
		{60121C7A-011D-4B76-8FFB-89DFC1F58BC1}.Debug|x86.Build.0 = Debug|Win32
		{60121C7A-011D-4B76-8FFB-89DFC1F58BC1}.Release|x64.ActiveCfg = Release|x64
		{60121C7A-011D-4B76-8FFB-89DFC1F58BC1}.Release|x64.Build.0 = Release|x64
		{60121C7A-011D-4B76-8FFB-89DFC1F58BC1}.Release|x86.ActiveCfg = Release|Win32
		{60121C7A-011D-4B76-8FFB-89DFC1F58BC1}.Release|x86.Build.0 = Release|Win32
		{1852BAA5-B5BB-4732-BD3F-15EF8DB7CF93}.Debug|x64.ActiveCfg = Debug|x64
		{1852BAA5-B5BB-4732-BD3F-15EF8DB7CF93}.Debug|x64.Build.0 = Debug|x64
		{1852BAA5-B5BB-4732-BD3F-15EF8DB7CF93}.Debug|x86.ActiveCfg = Debug|Win32
		{1852BAA5-B5BB-4732-BD3F-15EF8DB7CF93}.Debug|x86.Build.0 = Debug|Win32
		{1852BAA5-B5BB-4732-BD3F-15EF8DB7CF93}.Release|x64.ActiveCfg = Release|x64
		{1852BAA5-B5BB-4732-BD3F-15EF8DB7CF93}.Release|x64.Build.0 = Release|x64
		{1852BAA5-B5BB-4732-BD3F-15EF8DB7CF93}.Release|x86.ActiveCfg = Release|Win32
		{1852BAA5-B5BB-4732-BD3F-15EF8DB7CF93}.Release|x86.Build.0 = Release|Win32
		{4F55EE71-31E5-4A07-8F56-936EF0902EF6}.Debug|x64.ActiveCfg = Debug|x64
		{4F55EE71-31E5-4A07-8F56-936EF0902EF6}.Debug|x64.Build.0 = Debug|x64
		{4F55EE71-31E5-4A07-8F56-936EF0902EF6}.Debug|x86.ActiveCfg = Debug|Win32
		{4F55EE71-31E5-4A07-8F56-936EF0902EF6}.Debug|x86.Build.0 = Debug|Win32
		{4F55EE71-31E5-4A07-8F56-936EF0902EF6}.Release|x64.ActiveCfg = Release|x64
		{4F55EE71-31E5-4A07-8F56-936EF0902EF6}.Release|x64.Build.0 = Release|x64
		{4F55EE71-31E5-4A07-8F56-936EF0902EF6}.Release|x86.ActiveCfg = Release|Win32
		{4F55EE71-31E5-4A07-8F56-936EF0902EF6}.Release|x86.Build.0 = Release|Win32
	EndGlobalSection
	GlobalSection(SolutionProperties) = preSolution
		HideSolutionNode = FALSE
	EndGlobalSection
	GlobalSection(ExtensibilityGlobals) = postSolution
		SolutionGuid = {B1092816-294E-4EC4-BCD5-32714574755F}
	EndGlobalSection
EndGlobal
